// !$*UTF8*$!
{
	archiveVersion = 1;
	classes = {
	};
	objectVersion = 51;
	objects = {

/* Begin PBXBuildFile section */
		098254412E1412B37C606918 /* Swinject in Frameworks */ = {isa = PBXBuildFile; productRef = E192CB8834698B263A071DB2 /* Swinject */; };
		0B2E7AFA7D51BBF744766AAF /* DtoToModel+.swift in Sources */ = {isa = PBXBuildFile; fileRef = F8CE656230C91C3DE00ACD23 /* DtoToModel+.swift */; };
		0C91CA2D5CCA6F743D2CE893 /* SearchViewModel.swift in Sources */ = {isa = PBXBuildFile; fileRef = 3F62180406A60D551C89E107 /* SearchViewModel.swift */; };
		0E08482CCBCCFC7EB2CD3360 /* RecipeDto.swift in Sources */ = {isa = PBXBuildFile; fileRef = D1803C39AC7B796B82DE4DF4 /* RecipeDto.swift */; };
		1493E6FA9519EA39E77F5487 /* RecipeService.swift in Sources */ = {isa = PBXBuildFile; fileRef = DA6581C98A9AEA54C4C0FC3E /* RecipeService.swift */; };
		221578AB122EE0BA3123E3B4 /* RecipeDetailsViewModel.swift in Sources */ = {isa = PBXBuildFile; fileRef = 9AE5C171D3909D6BBE2BDD9E /* RecipeDetailsViewModel.swift */; };
		3754BA3A1B2C980EE4A2865F /* LikeImageView.swift in Sources */ = {isa = PBXBuildFile; fileRef = FA8E300FF2BEEAC79CDBD1CE /* LikeImageView.swift */; };
		40F6D2DE90531FCB8D4BF91C /* Assembler.swift in Sources */ = {isa = PBXBuildFile; fileRef = 0179248F630CD6158B58A0BF /* Assembler.swift */; };
		55C3C727E0823618E8BE4E94 /* RecipeSearchView.swift in Sources */ = {isa = PBXBuildFile; fileRef = 054F8581F5FB0F92939A607E /* RecipeSearchView.swift */; };
		579220E8C3B187DAA6914731 /* RecipeModel.swift in Sources */ = {isa = PBXBuildFile; fileRef = 1C5BA07641D3526566C47F84 /* RecipeModel.swift */; };
		6D9C0E50D50A18C72BB76B62 /* RecipeInteractor.swift in Sources */ = {isa = PBXBuildFile; fileRef = EC141DA095EC4F00B139E864 /* RecipeInteractor.swift */; };
		703D0E89D865BEEBC864D814 /* RecipeDetailsView.swift in Sources */ = {isa = PBXBuildFile; fileRef = 970D865A8EEDDB9D129D9D96 /* RecipeDetailsView.swift */; };
		7A945ACC29CF81A615ADCC4B /* RecipeCardView.swift in Sources */ = {isa = PBXBuildFile; fileRef = C6C0A978317DBA8B5670FB09 /* RecipeCardView.swift */; };
		7AA6F211906DB231AE6DC91B /* ServiceAssembly.swift in Sources */ = {isa = PBXBuildFile; fileRef = 72E8B913B0552B1B2D6A4A80 /* ServiceAssembly.swift */; };
		88EBA2F665DADDCEB646C2A2 /* DefaultRecipeInteractor.swift in Sources */ = {isa = PBXBuildFile; fileRef = 4CB74119EF1E6E1352D6E889 /* DefaultRecipeInteractor.swift */; };
		8A0336AA3F8C703C04B9073E /* Preview Assets.xcassets in Resources */ = {isa = PBXBuildFile; fileRef = BB09E0997CDDE8D7358611DF /* Preview Assets.xcassets */; };
		8F7C5FAD45C7FC2A315BA298 /* LandmarksApp.swift in Sources */ = {isa = PBXBuildFile; fileRef = 8BC2A35E26CDCF5241890623 /* LandmarksApp.swift */; };
		BA57B6BC3941A679767CD1EB /* Inject.swift in Sources */ = {isa = PBXBuildFile; fileRef = B5A022093515057222DBC400 /* Inject.swift */; };
		BC21CC0ECA0CB73FC77C1D25 /* HttpRecipeService.swift in Sources */ = {isa = PBXBuildFile; fileRef = 024C04996869E8B6E84D2943 /* HttpRecipeService.swift */; };
		CFFD0CA03D1E7244D4A7A252 /* NetworkImageView.swift in Sources */ = {isa = PBXBuildFile; fileRef = D95086EFAECE49F40D8EA83F /* NetworkImageView.swift */; };
		D3F1F28D35C437C3779D06F7 /* FullRecipeDto.swift in Sources */ = {isa = PBXBuildFile; fileRef = 62AB0E85BCECC6A89C73876D /* FullRecipeDto.swift */; };
		DC50044625FAF7DC4B50A5C9 /* InteractorAssembly.swift in Sources */ = {isa = PBXBuildFile; fileRef = 560CA1DF419A2FA485D77B9E /* InteractorAssembly.swift */; };
		E231EBAE1983053F7BDD0CBA /* AttributedText in Frameworks */ = {isa = PBXBuildFile; productRef = BF5CA08FE2C26C930D409FD5 /* AttributedText */; };
		E4E1A7E363D70C14908527C8 /* Assets.xcassets in Resources */ = {isa = PBXBuildFile; fileRef = 9708E7B648732F1ECA2BFA21 /* Assets.xcassets */; };
		E9C849380A6E77FB3FB28957 /* CachedAsyncImage.swift in Sources */ = {isa = PBXBuildFile; fileRef = A776FDB0BCD077DF39173B53 /* CachedAsyncImage.swift */; };
		EF97A29A4235B252523A20CD /* HTMLStringView.swift in Sources */ = {isa = PBXBuildFile; fileRef = 408AAE8C0AEAAE547CD09539 /* HTMLStringView.swift */; };
		FB57E3DAB3101CC3C35D8EBA /* RecipeModel.xcdatamodeld in Sources */ = {isa = PBXBuildFile; fileRef = C494400A9D1A653EA82BF962 /* RecipeModel.xcdatamodeld */; };
/* End PBXBuildFile section */

/* Begin PBXFileReference section */
		0179248F630CD6158B58A0BF /* Assembler.swift */ = {isa = PBXFileReference; lastKnownFileType = sourcecode.swift; path = Assembler.swift; sourceTree = "<group>"; };
		024C04996869E8B6E84D2943 /* HttpRecipeService.swift */ = {isa = PBXFileReference; lastKnownFileType = sourcecode.swift; path = HttpRecipeService.swift; sourceTree = "<group>"; };
		054F8581F5FB0F92939A607E /* RecipeSearchView.swift */ = {isa = PBXFileReference; lastKnownFileType = sourcecode.swift; path = RecipeSearchView.swift; sourceTree = "<group>"; };
		1C5BA07641D3526566C47F84 /* RecipeModel.swift */ = {isa = PBXFileReference; lastKnownFileType = sourcecode.swift; path = RecipeModel.swift; sourceTree = "<group>"; };
		3F62180406A60D551C89E107 /* SearchViewModel.swift */ = {isa = PBXFileReference; lastKnownFileType = sourcecode.swift; path = SearchViewModel.swift; sourceTree = "<group>"; };
		408AAE8C0AEAAE547CD09539 /* HTMLStringView.swift */ = {isa = PBXFileReference; lastKnownFileType = sourcecode.swift; path = HTMLStringView.swift; sourceTree = "<group>"; };
		416AF4B2061DE85C3B798C5F /* RecipeModel.xcdatamodel */ = {isa = PBXFileReference; lastKnownFileType = wrapper.xcdatamodel; path = RecipeModel.xcdatamodel; sourceTree = "<group>"; };
		4CB74119EF1E6E1352D6E889 /* DefaultRecipeInteractor.swift */ = {isa = PBXFileReference; lastKnownFileType = sourcecode.swift; path = DefaultRecipeInteractor.swift; sourceTree = "<group>"; };
		560CA1DF419A2FA485D77B9E /* InteractorAssembly.swift */ = {isa = PBXFileReference; lastKnownFileType = sourcecode.swift; path = InteractorAssembly.swift; sourceTree = "<group>"; };
		62AB0E85BCECC6A89C73876D /* FullRecipeDto.swift */ = {isa = PBXFileReference; lastKnownFileType = sourcecode.swift; path = FullRecipeDto.swift; sourceTree = "<group>"; };
		72E8B913B0552B1B2D6A4A80 /* ServiceAssembly.swift */ = {isa = PBXFileReference; lastKnownFileType = sourcecode.swift; path = ServiceAssembly.swift; sourceTree = "<group>"; };
		8BC2A35E26CDCF5241890623 /* LandmarksApp.swift */ = {isa = PBXFileReference; lastKnownFileType = sourcecode.swift; path = LandmarksApp.swift; sourceTree = "<group>"; };
		9708E7B648732F1ECA2BFA21 /* Assets.xcassets */ = {isa = PBXFileReference; lastKnownFileType = folder.assetcatalog; path = Assets.xcassets; sourceTree = "<group>"; };
		970D865A8EEDDB9D129D9D96 /* RecipeDetailsView.swift */ = {isa = PBXFileReference; lastKnownFileType = sourcecode.swift; path = RecipeDetailsView.swift; sourceTree = "<group>"; };
		9AE5C171D3909D6BBE2BDD9E /* RecipeDetailsViewModel.swift */ = {isa = PBXFileReference; lastKnownFileType = sourcecode.swift; path = RecipeDetailsViewModel.swift; sourceTree = "<group>"; };
		A776FDB0BCD077DF39173B53 /* CachedAsyncImage.swift */ = {isa = PBXFileReference; lastKnownFileType = sourcecode.swift; path = CachedAsyncImage.swift; sourceTree = "<group>"; };
		B5A022093515057222DBC400 /* Inject.swift */ = {isa = PBXFileReference; lastKnownFileType = sourcecode.swift; path = Inject.swift; sourceTree = "<group>"; };
		BB09E0997CDDE8D7358611DF /* Preview Assets.xcassets */ = {isa = PBXFileReference; lastKnownFileType = folder.assetcatalog; path = "Preview Assets.xcassets"; sourceTree = "<group>"; };
		C35A2B63CD76F34958C51C12 /* Landmarks.app */ = {isa = PBXFileReference; includeInIndex = 0; lastKnownFileType = wrapper.application; path = Landmarks.app; sourceTree = BUILT_PRODUCTS_DIR; };
		C6C0A978317DBA8B5670FB09 /* RecipeCardView.swift */ = {isa = PBXFileReference; lastKnownFileType = sourcecode.swift; path = RecipeCardView.swift; sourceTree = "<group>"; };
		D1803C39AC7B796B82DE4DF4 /* RecipeDto.swift */ = {isa = PBXFileReference; lastKnownFileType = sourcecode.swift; path = RecipeDto.swift; sourceTree = "<group>"; };
		D95086EFAECE49F40D8EA83F /* NetworkImageView.swift */ = {isa = PBXFileReference; lastKnownFileType = sourcecode.swift; path = NetworkImageView.swift; sourceTree = "<group>"; };
		DA6581C98A9AEA54C4C0FC3E /* RecipeService.swift */ = {isa = PBXFileReference; lastKnownFileType = sourcecode.swift; path = RecipeService.swift; sourceTree = "<group>"; };
		EC141DA095EC4F00B139E864 /* RecipeInteractor.swift */ = {isa = PBXFileReference; lastKnownFileType = sourcecode.swift; path = RecipeInteractor.swift; sourceTree = "<group>"; };
		F8CE656230C91C3DE00ACD23 /* DtoToModel+.swift */ = {isa = PBXFileReference; lastKnownFileType = sourcecode.swift; path = "DtoToModel+.swift"; sourceTree = "<group>"; };
		FA8E300FF2BEEAC79CDBD1CE /* LikeImageView.swift */ = {isa = PBXFileReference; lastKnownFileType = sourcecode.swift; path = LikeImageView.swift; sourceTree = "<group>"; };
/* End PBXFileReference section */

/* Begin PBXFrameworksBuildPhase section */
		4083EFFD800938488742AA35 /* Frameworks */ = {
			isa = PBXFrameworksBuildPhase;
			buildActionMask = 2147483647;
			files = (
				098254412E1412B37C606918 /* Swinject in Frameworks */,
				E231EBAE1983053F7BDD0CBA /* AttributedText in Frameworks */,
			);
			runOnlyForDeploymentPostprocessing = 0;
		};
/* End PBXFrameworksBuildPhase section */

/* Begin PBXGroup section */
		087FC2113D8C039C47EC9A74 /* Dto */ = {
			isa = PBXGroup;
			children = (
				DC2DE7A84BC1A684780AE22F /* Recipe */,
			);
			path = Dto;
			sourceTree = "<group>";
		};
		1378DE86E4F310CA5EA9EFE7 /* Preview Content */ = {
			isa = PBXGroup;
			children = (
				BB09E0997CDDE8D7358611DF /* Preview Assets.xcassets */,
			);
			path = "Preview Content";
			sourceTree = "<group>";
		};
		17D90C17D5FCC6269582C343 /* Details */ = {
			isa = PBXGroup;
			children = (
				970D865A8EEDDB9D129D9D96 /* RecipeDetailsView.swift */,
				9AE5C171D3909D6BBE2BDD9E /* RecipeDetailsViewModel.swift */,
			);
			path = Details;
			sourceTree = "<group>";
		};
		1AA4B62341AC63C88769FC4B /* Service */ = {
			isa = PBXGroup;
			children = (
				D178E4ABC80FA37397068389 /* Recipe */,
			);
			path = Service;
			sourceTree = "<group>";
		};
		1D860824C437B4D3EBEE3A14 /* Dependency */ = {
			isa = PBXGroup;
			children = (
				9CFA971BF16D1DAC488D20ED /* Assembler */,
				50D22C4884DD3EF4810C314E /* Assembly */,
				CDB980F0DBF83458AD41AF10 /* Utils */,
			);
			path = Dependency;
			sourceTree = "<group>";
		};
		266AACAB332AB4C3776565C5 /* Service */ = {
			isa = PBXGroup;
			children = (
				7F32925F3602D2261E60B818 /* Recipe */,
			);
			path = Service;
			sourceTree = "<group>";
		};
		41C0BE7688EA398C807F7F3E /* Recipe */ = {
			isa = PBXGroup;
			children = (
				EC141DA095EC4F00B139E864 /* RecipeInteractor.swift */,
			);
			path = Recipe;
			sourceTree = "<group>";
		};
		450E871B458946F2674680B7 /* Extensions */ = {
			isa = PBXGroup;
			children = (
				F8CE656230C91C3DE00ACD23 /* DtoToModel+.swift */,
			);
			path = Extensions;
			sourceTree = "<group>";
		};
		4B751152DDB2F7B4DC1ADD91 /* Data */ = {
			isa = PBXGroup;
			children = (
				087FC2113D8C039C47EC9A74 /* Dto */,
				EF095F00A3348B7E2430A1B4 /* Interactor */,
				266AACAB332AB4C3776565C5 /* Service */,
			);
			path = Data;
			sourceTree = "<group>";
		};
		50D22C4884DD3EF4810C314E /* Assembly */ = {
			isa = PBXGroup;
			children = (
				560CA1DF419A2FA485D77B9E /* InteractorAssembly.swift */,
				72E8B913B0552B1B2D6A4A80 /* ServiceAssembly.swift */,
			);
			path = Assembly;
			sourceTree = "<group>";
		};
		523FC5B3B7E1DE43A384DB91 /* Model */ = {
			isa = PBXGroup;
			children = (
				A580E6AAF492B3D07F1277F5 /* Recipe */,
			);
			path = Model;
			sourceTree = "<group>";
		};
		7CF6E610273B6A755B3B38CA /* Landmarks */ = {
			isa = PBXGroup;
			children = (
				CBB9603F2DA19BC80472B8B2 /* Components */,
				4B751152DDB2F7B4DC1ADD91 /* Data */,
				1D860824C437B4D3EBEE3A14 /* Dependency */,
				CC87482DA83C14BD0D1B5523 /* Domain */,
				450E871B458946F2674680B7 /* Extensions */,
				1378DE86E4F310CA5EA9EFE7 /* Preview Content */,
				B9BFFF4E2F883D9D02AE38A3 /* Scene */,
				9708E7B648732F1ECA2BFA21 /* Assets.xcassets */,
				8BC2A35E26CDCF5241890623 /* LandmarksApp.swift */,
				C494400A9D1A653EA82BF962 /* RecipeModel.xcdatamodeld */,
			);
			path = Landmarks;
			sourceTree = "<group>";
		};
		7F32925F3602D2261E60B818 /* Recipe */ = {
			isa = PBXGroup;
			children = (
				024C04996869E8B6E84D2943 /* HttpRecipeService.swift */,
			);
			path = Recipe;
			sourceTree = "<group>";
		};
		829B056F176F3DC3DBC6CC35 /* Interactor */ = {
			isa = PBXGroup;
			children = (
				ABB2E72ED4D13664C6D3313D /* Recipe */,
			);
			path = Interactor;
			sourceTree = "<group>";
		};
		95406B11B518F428F6B63826 = {
			isa = PBXGroup;
			children = (
				7CF6E610273B6A755B3B38CA /* Landmarks */,
				B15DC0A93293C3AA4B9A5897 /* Products */,
			);
			sourceTree = "<group>";
		};
		9CFA971BF16D1DAC488D20ED /* Assembler */ = {
			isa = PBXGroup;
			children = (
				0179248F630CD6158B58A0BF /* Assembler.swift */,
			);
			path = Assembler;
			sourceTree = "<group>";
		};
		A580E6AAF492B3D07F1277F5 /* Recipe */ = {
			isa = PBXGroup;
			children = (
				1C5BA07641D3526566C47F84 /* RecipeModel.swift */,
			);
			path = Recipe;
			sourceTree = "<group>";
		};
		ABB2E72ED4D13664C6D3313D /* Recipe */ = {
			isa = PBXGroup;
			children = (
				4CB74119EF1E6E1352D6E889 /* DefaultRecipeInteractor.swift */,
			);
			path = Recipe;
			sourceTree = "<group>";
		};
		B15DC0A93293C3AA4B9A5897 /* Products */ = {
			isa = PBXGroup;
			children = (
				C35A2B63CD76F34958C51C12 /* Landmarks.app */,
			);
			name = Products;
			sourceTree = "<group>";
		};
		B9BFFF4E2F883D9D02AE38A3 /* Scene */ = {
			isa = PBXGroup;
			children = (
				17D90C17D5FCC6269582C343 /* Details */,
				E340B146AA9C97D66FBCF5F7 /* Search */,
			);
			path = Scene;
			sourceTree = "<group>";
		};
		CBB9603F2DA19BC80472B8B2 /* Components */ = {
			isa = PBXGroup;
			children = (
				A776FDB0BCD077DF39173B53 /* CachedAsyncImage.swift */,
				408AAE8C0AEAAE547CD09539 /* HTMLStringView.swift */,
				FA8E300FF2BEEAC79CDBD1CE /* LikeImageView.swift */,
				D95086EFAECE49F40D8EA83F /* NetworkImageView.swift */,
				C6C0A978317DBA8B5670FB09 /* RecipeCardView.swift */,
			);
			path = Components;
			sourceTree = "<group>";
		};
		CC87482DA83C14BD0D1B5523 /* Domain */ = {
			isa = PBXGroup;
			children = (
				829B056F176F3DC3DBC6CC35 /* Interactor */,
				523FC5B3B7E1DE43A384DB91 /* Model */,
				1AA4B62341AC63C88769FC4B /* Service */,
			);
			path = Domain;
			sourceTree = "<group>";
		};
		CDB980F0DBF83458AD41AF10 /* Utils */ = {
			isa = PBXGroup;
			children = (
				B5A022093515057222DBC400 /* Inject.swift */,
			);
			path = Utils;
			sourceTree = "<group>";
		};
		D178E4ABC80FA37397068389 /* Recipe */ = {
			isa = PBXGroup;
			children = (
				DA6581C98A9AEA54C4C0FC3E /* RecipeService.swift */,
			);
			path = Recipe;
			sourceTree = "<group>";
		};
		DC2DE7A84BC1A684780AE22F /* Recipe */ = {
			isa = PBXGroup;
			children = (
				62AB0E85BCECC6A89C73876D /* FullRecipeDto.swift */,
				D1803C39AC7B796B82DE4DF4 /* RecipeDto.swift */,
			);
			path = Recipe;
			sourceTree = "<group>";
		};
		E340B146AA9C97D66FBCF5F7 /* Search */ = {
			isa = PBXGroup;
			children = (
				054F8581F5FB0F92939A607E /* RecipeSearchView.swift */,
				3F62180406A60D551C89E107 /* SearchViewModel.swift */,
			);
			path = Search;
			sourceTree = "<group>";
		};
		EF095F00A3348B7E2430A1B4 /* Interactor */ = {
			isa = PBXGroup;
			children = (
				41C0BE7688EA398C807F7F3E /* Recipe */,
			);
			path = Interactor;
			sourceTree = "<group>";
		};
/* End PBXGroup section */

/* Begin PBXNativeTarget section */
		AA1BE4ED275A5F8061E7D43D /* Landmarks */ = {
			isa = PBXNativeTarget;
			buildConfigurationList = ABC4B00996D618AE86A32CCA /* Build configuration list for PBXNativeTarget "Landmarks" */;
			buildPhases = (
				7D064F40CDC16C715246BE8D /* SwiftLint */,
				A56712DEC0AD265AC3F55133 /* Sources */,
				E27FF17CA9296DDDC9CDA0EE /* Resources */,
				4083EFFD800938488742AA35 /* Frameworks */,
			);
			buildRules = (
			);
			dependencies = (
			);
			name = Landmarks;
			packageProductDependencies = (
				E192CB8834698B263A071DB2 /* Swinject */,
				BF5CA08FE2C26C930D409FD5 /* AttributedText */,
			);
			productName = Landmarks;
			productReference = C35A2B63CD76F34958C51C12 /* Landmarks.app */;
			productType = "com.apple.product-type.application";
		};
/* End PBXNativeTarget section */

/* Begin PBXProject section */
		58961908F8E549246AA24352 /* Project object */ = {
			isa = PBXProject;
			attributes = {
				LastUpgradeCheck = 1200;
				TargetAttributes = {
					AA1BE4ED275A5F8061E7D43D = {
						DevelopmentTeam = SRXJKH79VL;
						ProvisioningStyle = Automatic;
					};
				};
			};
			buildConfigurationList = 1209CDCA674E175197B38C48 /* Build configuration list for PBXProject "landmarks" */;
			compatibilityVersion = "Xcode 11.0";
			developmentRegion = en;
			hasScannedForEncodings = 0;
			knownRegions = (
				Base,
				en,
			);
			mainGroup = 95406B11B518F428F6B63826;
			packageReferences = (
				7D5A4F117DCB94F037B29740 /* XCRemoteSwiftPackageReference "AttributedText" */,
				B6A8CFBD908E3E5450C5ABA3 /* XCRemoteSwiftPackageReference "Swinject" */,
			);
			projectDirPath = "";
			projectRoot = "";
			targets = (
				AA1BE4ED275A5F8061E7D43D /* Landmarks */,
			);
		};
/* End PBXProject section */

/* Begin PBXResourcesBuildPhase section */
		E27FF17CA9296DDDC9CDA0EE /* Resources */ = {
			isa = PBXResourcesBuildPhase;
			buildActionMask = 2147483647;
			files = (
				E4E1A7E363D70C14908527C8 /* Assets.xcassets in Resources */,
				8A0336AA3F8C703C04B9073E /* Preview Assets.xcassets in Resources */,
			);
			runOnlyForDeploymentPostprocessing = 0;
		};
/* End PBXResourcesBuildPhase section */

/* Begin PBXShellScriptBuildPhase section */
		7D064F40CDC16C715246BE8D /* SwiftLint */ = {
			isa = PBXShellScriptBuildPhase;
			buildActionMask = 2147483647;
			files = (
			);
			inputFileListPaths = (
			);
			inputPaths = (
			);
			name = SwiftLint;
			outputFileListPaths = (
			);
			outputPaths = (
			);
			runOnlyForDeploymentPostprocessing = 0;
			shellPath = /bin/sh;
			shellScript = "if which swiftlint >/dev/null; then\n swiftlint \n else \n echo \"warning: SwiftLint not installed, download from https://github.com/realm/SwiftLint\"\n fi";
		};
/* End PBXShellScriptBuildPhase section */

/* Begin PBXSourcesBuildPhase section */
		A56712DEC0AD265AC3F55133 /* Sources */ = {
			isa = PBXSourcesBuildPhase;
			buildActionMask = 2147483647;
			files = (
				40F6D2DE90531FCB8D4BF91C /* Assembler.swift in Sources */,
				E9C849380A6E77FB3FB28957 /* CachedAsyncImage.swift in Sources */,
				88EBA2F665DADDCEB646C2A2 /* DefaultRecipeInteractor.swift in Sources */,
				0B2E7AFA7D51BBF744766AAF /* DtoToModel+.swift in Sources */,
				D3F1F28D35C437C3779D06F7 /* FullRecipeDto.swift in Sources */,
				EF97A29A4235B252523A20CD /* HTMLStringView.swift in Sources */,
				BC21CC0ECA0CB73FC77C1D25 /* HttpRecipeService.swift in Sources */,
				BA57B6BC3941A679767CD1EB /* Inject.swift in Sources */,
				DC50044625FAF7DC4B50A5C9 /* InteractorAssembly.swift in Sources */,
				8F7C5FAD45C7FC2A315BA298 /* LandmarksApp.swift in Sources */,
				3754BA3A1B2C980EE4A2865F /* LikeImageView.swift in Sources */,
				CFFD0CA03D1E7244D4A7A252 /* NetworkImageView.swift in Sources */,
				7A945ACC29CF81A615ADCC4B /* RecipeCardView.swift in Sources */,
				703D0E89D865BEEBC864D814 /* RecipeDetailsView.swift in Sources */,
				221578AB122EE0BA3123E3B4 /* RecipeDetailsViewModel.swift in Sources */,
				0E08482CCBCCFC7EB2CD3360 /* RecipeDto.swift in Sources */,
				6D9C0E50D50A18C72BB76B62 /* RecipeInteractor.swift in Sources */,
				579220E8C3B187DAA6914731 /* RecipeModel.swift in Sources */,
				FB57E3DAB3101CC3C35D8EBA /* RecipeModel.xcdatamodeld in Sources */,
				55C3C727E0823618E8BE4E94 /* RecipeSearchView.swift in Sources */,
				1493E6FA9519EA39E77F5487 /* RecipeService.swift in Sources */,
				0C91CA2D5CCA6F743D2CE893 /* SearchViewModel.swift in Sources */,
				7AA6F211906DB231AE6DC91B /* ServiceAssembly.swift in Sources */,
			);
			runOnlyForDeploymentPostprocessing = 0;
		};
/* End PBXSourcesBuildPhase section */

/* Begin XCBuildConfiguration section */
		56892B96DC9329D0C7278F93 /* Debug */ = {
			isa = XCBuildConfiguration;
			buildSettings = {
				ASSETCATALOG_COMPILER_APPICON_NAME = AppIcon;
				ASSETCATALOG_COMPILER_GLOBAL_ACCENT_COLOR_NAME = AccentColor;
				CODE_SIGNING_ALLOWED = NO;
				CODE_SIGN_IDENTITY = "Apple Development";
				CODE_SIGN_STYLE = Automatic;
				CURRENT_PROJECT_VERSION = 1;
				DEVELOPMENT_TEAM = SRXJKH79VL;
				IPHONEOS_DEPLOYMENT_TARGET = 16.0;
				LD_RUNPATH_SEARCH_PATHS = (
					"$(inherited)",
					"@executable_path/Frameworks",
				);
				PRODUCT_BUNDLE_IDENTIFIER = "com.dsr-corporation.Landmarks";
				PRODUCT_NAME = "$(TARGET_NAME)";
				PROVISIONING_PROFILE_SPECIFIER = "";
				SDKROOT = iphoneos;
				SWIFT_VERSION = 5.5;
				TARGETED_DEVICE_FAMILY = "1,2";
				VERSIONING_SYSTEM = "apple-generic";
			};
			name = Debug;
		};
		701E7CD4C8345959021A90E9 /* Release */ = {
			isa = XCBuildConfiguration;
			buildSettings = {
				ASSETCATALOG_COMPILER_APPICON_NAME = AppIcon;
				ASSETCATALOG_COMPILER_GLOBAL_ACCENT_COLOR_NAME = AccentColor;
				CODE_SIGNING_ALLOWED = NO;
				CODE_SIGN_IDENTITY = "Apple Development";
				CODE_SIGN_STYLE = Automatic;
				CURRENT_PROJECT_VERSION = 1;
				DEVELOPMENT_TEAM = SRXJKH79VL;
				IPHONEOS_DEPLOYMENT_TARGET = 16.0;
				LD_RUNPATH_SEARCH_PATHS = (
					"$(inherited)",
					"@executable_path/Frameworks",
				);
				PRODUCT_BUNDLE_IDENTIFIER = "com.dsr-corporation.Landmarks";
				PRODUCT_NAME = "$(TARGET_NAME)";
				SDKROOT = iphoneos;
				SWIFT_VERSION = 5.5;
				TARGETED_DEVICE_FAMILY = "1,2";
				VERSIONING_SYSTEM = "apple-generic";
			};
			name = Release;
		};
		965C25B381595D04F9864607 /* Debug */ = {
			isa = XCBuildConfiguration;
			buildSettings = {
				ALWAYS_SEARCH_USER_PATHS = NO;
				CLANG_ANALYZER_NONNULL = YES;
				CLANG_ANALYZER_NUMBER_OBJECT_CONVERSION = YES_AGGRESSIVE;
				CLANG_CXX_LANGUAGE_STANDARD = "gnu++14";
				CLANG_CXX_LIBRARY = "libc++";
				CLANG_ENABLE_MODULES = YES;
				CLANG_ENABLE_OBJC_ARC = YES;
				CLANG_ENABLE_OBJC_WEAK = YES;
				CLANG_WARN_BLOCK_CAPTURE_AUTORELEASING = YES;
				CLANG_WARN_BOOL_CONVERSION = YES;
				CLANG_WARN_COMMA = YES;
				CLANG_WARN_CONSTANT_CONVERSION = YES;
				CLANG_WARN_DEPRECATED_OBJC_IMPLEMENTATIONS = YES;
				CLANG_WARN_DIRECT_OBJC_ISA_USAGE = YES_ERROR;
				CLANG_WARN_DOCUMENTATION_COMMENTS = YES;
				CLANG_WARN_EMPTY_BODY = YES;
				CLANG_WARN_ENUM_CONVERSION = YES;
				CLANG_WARN_INFINITE_RECURSION = YES;
				CLANG_WARN_INT_CONVERSION = YES;
				CLANG_WARN_NON_LITERAL_NULL_CONVERSION = YES;
				CLANG_WARN_OBJC_IMPLICIT_RETAIN_SELF = YES;
				CLANG_WARN_OBJC_LITERAL_CONVERSION = YES;
				CLANG_WARN_OBJC_ROOT_CLASS = YES_ERROR;
				CLANG_WARN_QUOTED_INCLUDE_IN_FRAMEWORK_HEADER = YES;
				CLANG_WARN_RANGE_LOOP_ANALYSIS = YES;
				CLANG_WARN_STRICT_PROTOTYPES = YES;
				CLANG_WARN_SUSPICIOUS_MOVE = YES;
				CLANG_WARN_UNGUARDED_AVAILABILITY = YES_AGGRESSIVE;
				CLANG_WARN_UNREACHABLE_CODE = YES;
				CLANG_WARN__DUPLICATE_METHOD_MATCH = YES;
				COPY_PHASE_STRIP = NO;
				DEBUG_INFORMATION_FORMAT = dwarf;
				ENABLE_STRICT_OBJC_MSGSEND = YES;
				ENABLE_TESTABILITY = YES;
				GCC_C_LANGUAGE_STANDARD = gnu11;
				GCC_DYNAMIC_NO_PIC = NO;
				GCC_NO_COMMON_BLOCKS = YES;
				GCC_OPTIMIZATION_LEVEL = 0;
				GCC_PREPROCESSOR_DEFINITIONS = (
					"$(inherited)",
					"DEBUG=1",
				);
				GCC_WARN_64_TO_32_BIT_CONVERSION = YES;
				GCC_WARN_ABOUT_RETURN_TYPE = YES_ERROR;
				GCC_WARN_UNDECLARED_SELECTOR = YES;
				GCC_WARN_UNINITIALIZED_AUTOS = YES_AGGRESSIVE;
				GCC_WARN_UNUSED_FUNCTION = YES;
				GCC_WARN_UNUSED_VARIABLE = YES;
				IPHONEOS_DEPLOYMENT_TARGET = 16.0;
				MTL_ENABLE_DEBUG_INFO = INCLUDE_SOURCE;
				MTL_FAST_MATH = YES;
				ONLY_ACTIVE_ARCH = YES;
				PRODUCT_NAME = "$(TARGET_NAME)";
				SDKROOT = iphoneos;
				SWIFT_ACTIVE_COMPILATION_CONDITIONS = DEBUG;
				SWIFT_OPTIMIZATION_LEVEL = "-Onone";
				SWIFT_VERSION = 5.0;
			};
			name = Debug;
		};
		CB099510281249A6176C492A /* Release */ = {
			isa = XCBuildConfiguration;
			buildSettings = {
				ALWAYS_SEARCH_USER_PATHS = NO;
				CLANG_ANALYZER_NONNULL = YES;
				CLANG_ANALYZER_NUMBER_OBJECT_CONVERSION = YES_AGGRESSIVE;
				CLANG_CXX_LANGUAGE_STANDARD = "gnu++14";
				CLANG_CXX_LIBRARY = "libc++";
				CLANG_ENABLE_MODULES = YES;
				CLANG_ENABLE_OBJC_ARC = YES;
				CLANG_ENABLE_OBJC_WEAK = YES;
				CLANG_WARN_BLOCK_CAPTURE_AUTORELEASING = YES;
				CLANG_WARN_BOOL_CONVERSION = YES;
				CLANG_WARN_COMMA = YES;
				CLANG_WARN_CONSTANT_CONVERSION = YES;
				CLANG_WARN_DEPRECATED_OBJC_IMPLEMENTATIONS = YES;
				CLANG_WARN_DIRECT_OBJC_ISA_USAGE = YES_ERROR;
				CLANG_WARN_DOCUMENTATION_COMMENTS = YES;
				CLANG_WARN_EMPTY_BODY = YES;
				CLANG_WARN_ENUM_CONVERSION = YES;
				CLANG_WARN_INFINITE_RECURSION = YES;
				CLANG_WARN_INT_CONVERSION = YES;
				CLANG_WARN_NON_LITERAL_NULL_CONVERSION = YES;
				CLANG_WARN_OBJC_IMPLICIT_RETAIN_SELF = YES;
				CLANG_WARN_OBJC_LITERAL_CONVERSION = YES;
				CLANG_WARN_OBJC_ROOT_CLASS = YES_ERROR;
				CLANG_WARN_QUOTED_INCLUDE_IN_FRAMEWORK_HEADER = YES;
				CLANG_WARN_RANGE_LOOP_ANALYSIS = YES;
				CLANG_WARN_STRICT_PROTOTYPES = YES;
				CLANG_WARN_SUSPICIOUS_MOVE = YES;
				CLANG_WARN_UNGUARDED_AVAILABILITY = YES_AGGRESSIVE;
				CLANG_WARN_UNREACHABLE_CODE = YES;
				CLANG_WARN__DUPLICATE_METHOD_MATCH = YES;
				COPY_PHASE_STRIP = NO;
				DEBUG_INFORMATION_FORMAT = "dwarf-with-dsym";
				ENABLE_NS_ASSERTIONS = NO;
				ENABLE_STRICT_OBJC_MSGSEND = YES;
				GCC_C_LANGUAGE_STANDARD = gnu11;
				GCC_NO_COMMON_BLOCKS = YES;
				GCC_WARN_64_TO_32_BIT_CONVERSION = YES;
				GCC_WARN_ABOUT_RETURN_TYPE = YES_ERROR;
				GCC_WARN_UNDECLARED_SELECTOR = YES;
				GCC_WARN_UNINITIALIZED_AUTOS = YES_AGGRESSIVE;
				GCC_WARN_UNUSED_FUNCTION = YES;
				GCC_WARN_UNUSED_VARIABLE = YES;
				IPHONEOS_DEPLOYMENT_TARGET = 16.0;
				MTL_ENABLE_DEBUG_INFO = NO;
				MTL_FAST_MATH = YES;
				PRODUCT_NAME = "$(TARGET_NAME)";
				SDKROOT = iphoneos;
				SWIFT_COMPILATION_MODE = wholemodule;
				SWIFT_OPTIMIZATION_LEVEL = "-O";
				SWIFT_VERSION = 5.0;
			};
			name = Release;
		};
/* End XCBuildConfiguration section */

/* Begin XCConfigurationList section */
		1209CDCA674E175197B38C48 /* Build configuration list for PBXProject "landmarks" */ = {
			isa = XCConfigurationList;
			buildConfigurations = (
				965C25B381595D04F9864607 /* Debug */,
				CB099510281249A6176C492A /* Release */,
			);
			defaultConfigurationIsVisible = 0;
			defaultConfigurationName = Debug;
		};
		ABC4B00996D618AE86A32CCA /* Build configuration list for PBXNativeTarget "Landmarks" */ = {
			isa = XCConfigurationList;
			buildConfigurations = (
				56892B96DC9329D0C7278F93 /* Debug */,
				701E7CD4C8345959021A90E9 /* Release */,
			);
			defaultConfigurationIsVisible = 0;
			defaultConfigurationName = Debug;
		};
/* End XCConfigurationList section */

/* Begin XCRemoteSwiftPackageReference section */
		7D5A4F117DCB94F037B29740 /* XCRemoteSwiftPackageReference "AttributedText" */ = {
			isa = XCRemoteSwiftPackageReference;
			repositoryURL = "https://github.com/Iaenhaall/AttributedText";
			requirement = {
				kind = exactVersion;
				version = 1.2.0;
			};
		};
		B6A8CFBD908E3E5450C5ABA3 /* XCRemoteSwiftPackageReference "Swinject" */ = {
			isa = XCRemoteSwiftPackageReference;
			repositoryURL = "https://github.com/Swinject/Swinject";
			requirement = {
				kind = exactVersion;
				version = 2.8.2;
			};
		};
/* End XCRemoteSwiftPackageReference section */

/* Begin XCSwiftPackageProductDependency section */
		BF5CA08FE2C26C930D409FD5 /* AttributedText */ = {
			isa = XCSwiftPackageProductDependency;
			package = 7D5A4F117DCB94F037B29740 /* XCRemoteSwiftPackageReference "AttributedText" */;
			productName = AttributedText;
		};
		E192CB8834698B263A071DB2 /* Swinject */ = {
			isa = XCSwiftPackageProductDependency;
			package = B6A8CFBD908E3E5450C5ABA3 /* XCRemoteSwiftPackageReference "Swinject" */;
			productName = Swinject;
		};
/* End XCSwiftPackageProductDependency section */

/* Begin XCVersionGroup section */
		C494400A9D1A653EA82BF962 /* RecipeModel.xcdatamodeld */ = {
			isa = XCVersionGroup;
			children = (
				416AF4B2061DE85C3B798C5F /* RecipeModel.xcdatamodel */,
			);
			currentVersion = 416AF4B2061DE85C3B798C5F /* RecipeModel.xcdatamodel */;
			path = RecipeModel.xcdatamodeld;
			sourceTree = "<group>";
			versionGroupType = wrapper.xcdatamodel;
		};
/* End XCVersionGroup section */
	};
	rootObject = 58961908F8E549246AA24352 /* Project object */;
}
