// !$*UTF8*$!
{
	archiveVersion = 1;
	classes = {
	};
	objectVersion = 56;
	objects = {

/* Begin PBXBuildFile section */
		2888DCAB29224E76003A4174 /* LandmarksApp.swift in Sources */ = {isa = PBXBuildFile; fileRef = 2888DCAA29224E76003A4174 /* LandmarksApp.swift */; };
		2888DCAD29224E76003A4174 /* RecipeSearchView.swift in Sources */ = {isa = PBXBuildFile; fileRef = 2888DCAC29224E76003A4174 /* RecipeSearchView.swift */; };
		2888DCAF29224E77003A4174 /* Assets.xcassets in Resources */ = {isa = PBXBuildFile; fileRef = 2888DCAE29224E77003A4174 /* Assets.xcassets */; };
		2888DCB229224E77003A4174 /* Preview Assets.xcassets in Resources */ = {isa = PBXBuildFile; fileRef = 2888DCB129224E77003A4174 /* Preview Assets.xcassets */; };
		2888DCB929226BBB003A4174 /* NetworkImageView.swift in Sources */ = {isa = PBXBuildFile; fileRef = 2888DCB829226BBA003A4174 /* NetworkImageView.swift */; };
		2888DCBB29226F5F003A4174 /* RecipeCardView.swift in Sources */ = {isa = PBXBuildFile; fileRef = 2888DCBA29226F5F003A4174 /* RecipeCardView.swift */; };
		2888DCC029227088003A4174 /* RecipeModel.swift in Sources */ = {isa = PBXBuildFile; fileRef = 2888DCBF29227088003A4174 /* RecipeModel.swift */; };
		2888DCC829235EE2003A4174 /* RecipeDetailsView.swift in Sources */ = {isa = PBXBuildFile; fileRef = 2888DCC729235EE2003A4174 /* RecipeDetailsView.swift */; };
		2888DCCA292367AA003A4174 /* SearchViewModel.swift in Sources */ = {isa = PBXBuildFile; fileRef = 2888DCC9292367AA003A4174 /* SearchViewModel.swift */; };
		2888DCCC29237E5B003A4174 /* LikeImageView.swift in Sources */ = {isa = PBXBuildFile; fileRef = 2888DCCB29237E5B003A4174 /* LikeImageView.swift */; };
		2888DCD12923A199003A4174 /* RecipeService.swift in Sources */ = {isa = PBXBuildFile; fileRef = 2888DCD02923A199003A4174 /* RecipeService.swift */; };
		2888DCD72923A222003A4174 /* HttpRecipeService.swift in Sources */ = {isa = PBXBuildFile; fileRef = 2888DCD62923A222003A4174 /* HttpRecipeService.swift */; };
		2888DCDA2923A40D003A4174 /* RecipeDto.swift in Sources */ = {isa = PBXBuildFile; fileRef = 2888DCD92923A40D003A4174 /* RecipeDto.swift */; };
		2888DCDD2923A78A003A4174 /* DtoToModel+.swift in Sources */ = {isa = PBXBuildFile; fileRef = 2888DCDC2923A78A003A4174 /* DtoToModel+.swift */; };
		2888DCE12923BA20003A4174 /* RecipeInteractor.swift in Sources */ = {isa = PBXBuildFile; fileRef = 2888DCE02923BA20003A4174 /* RecipeInteractor.swift */; };
		2888DCE52923BA60003A4174 /* DefaultRecipeInteractor.swift in Sources */ = {isa = PBXBuildFile; fileRef = 2888DCE42923BA60003A4174 /* DefaultRecipeInteractor.swift */; };
		2888DCE72923BC4D003A4174 /* CachedAsyncImage.swift in Sources */ = {isa = PBXBuildFile; fileRef = 2888DCE62923BC4D003A4174 /* CachedAsyncImage.swift */; };
/* End PBXBuildFile section */

/* Begin PBXFileReference section */
		2888DCA729224E76003A4174 /* Landmarks.app */ = {isa = PBXFileReference; explicitFileType = wrapper.application; includeInIndex = 0; path = Landmarks.app; sourceTree = BUILT_PRODUCTS_DIR; };
		2888DCAA29224E76003A4174 /* LandmarksApp.swift */ = {isa = PBXFileReference; lastKnownFileType = sourcecode.swift; path = LandmarksApp.swift; sourceTree = "<group>"; };
		2888DCAC29224E76003A4174 /* RecipeSearchView.swift */ = {isa = PBXFileReference; lastKnownFileType = sourcecode.swift; path = RecipeSearchView.swift; sourceTree = "<group>"; };
		2888DCAE29224E77003A4174 /* Assets.xcassets */ = {isa = PBXFileReference; lastKnownFileType = folder.assetcatalog; path = Assets.xcassets; sourceTree = "<group>"; };
		2888DCB129224E77003A4174 /* Preview Assets.xcassets */ = {isa = PBXFileReference; lastKnownFileType = folder.assetcatalog; path = "Preview Assets.xcassets"; sourceTree = "<group>"; };
		2888DCB829226BBA003A4174 /* NetworkImageView.swift */ = {isa = PBXFileReference; lastKnownFileType = sourcecode.swift; path = NetworkImageView.swift; sourceTree = "<group>"; };
		2888DCBA29226F5F003A4174 /* RecipeCardView.swift */ = {isa = PBXFileReference; lastKnownFileType = sourcecode.swift; path = RecipeCardView.swift; sourceTree = "<group>"; };
		2888DCBF29227088003A4174 /* RecipeModel.swift */ = {isa = PBXFileReference; lastKnownFileType = sourcecode.swift; path = RecipeModel.swift; sourceTree = "<group>"; };
		2888DCC729235EE2003A4174 /* RecipeDetailsView.swift */ = {isa = PBXFileReference; lastKnownFileType = sourcecode.swift; path = RecipeDetailsView.swift; sourceTree = "<group>"; };
		2888DCC9292367AA003A4174 /* SearchViewModel.swift */ = {isa = PBXFileReference; lastKnownFileType = sourcecode.swift; path = SearchViewModel.swift; sourceTree = "<group>"; };
		2888DCCB29237E5B003A4174 /* LikeImageView.swift */ = {isa = PBXFileReference; lastKnownFileType = sourcecode.swift; path = LikeImageView.swift; sourceTree = "<group>"; };
		2888DCD02923A199003A4174 /* RecipeService.swift */ = {isa = PBXFileReference; lastKnownFileType = sourcecode.swift; path = RecipeService.swift; sourceTree = "<group>"; };
		2888DCD62923A222003A4174 /* HttpRecipeService.swift */ = {isa = PBXFileReference; lastKnownFileType = sourcecode.swift; path = HttpRecipeService.swift; sourceTree = "<group>"; };
		2888DCD92923A40D003A4174 /* RecipeDto.swift */ = {isa = PBXFileReference; lastKnownFileType = sourcecode.swift; path = RecipeDto.swift; sourceTree = "<group>"; };
		2888DCDC2923A78A003A4174 /* DtoToModel+.swift */ = {isa = PBXFileReference; lastKnownFileType = sourcecode.swift; path = "DtoToModel+.swift"; sourceTree = "<group>"; };
		2888DCE02923BA20003A4174 /* RecipeInteractor.swift */ = {isa = PBXFileReference; lastKnownFileType = sourcecode.swift; path = RecipeInteractor.swift; sourceTree = "<group>"; };
		2888DCE42923BA60003A4174 /* DefaultRecipeInteractor.swift */ = {isa = PBXFileReference; lastKnownFileType = sourcecode.swift; path = DefaultRecipeInteractor.swift; sourceTree = "<group>"; };
		2888DCE62923BC4D003A4174 /* CachedAsyncImage.swift */ = {isa = PBXFileReference; lastKnownFileType = sourcecode.swift; path = CachedAsyncImage.swift; sourceTree = "<group>"; };
/* End PBXFileReference section */

/* Begin PBXFrameworksBuildPhase section */
		2888DCA429224E76003A4174 /* Frameworks */ = {
			isa = PBXFrameworksBuildPhase;
			buildActionMask = 2147483647;
			files = (
			);
			runOnlyForDeploymentPostprocessing = 0;
		};
/* End PBXFrameworksBuildPhase section */

/* Begin PBXGroup section */
		2888DC9E29224E76003A4174 = {
			isa = PBXGroup;
			children = (
				2888DCA929224E76003A4174 /* Landmarks */,
				2888DCA829224E76003A4174 /* Products */,
			);
			sourceTree = "<group>";
		};
		2888DCA829224E76003A4174 /* Products */ = {
			isa = PBXGroup;
			children = (
				2888DCA729224E76003A4174 /* Landmarks.app */,
			);
			name = Products;
			sourceTree = "<group>";
		};
		2888DCA929224E76003A4174 /* Landmarks */ = {
			isa = PBXGroup;
			children = (
				2888DCDB2923A76D003A4174 /* Extensions */,
				2888DCD22923A1DD003A4174 /* Data */,
				2888DCC429235A64003A4174 /* Scene */,
				2888DCC2292276AC003A4174 /* Domain */,
				2888DCC129227653003A4174 /* Components */,
				2888DCAA29224E76003A4174 /* LandmarksApp.swift */,
				2888DCAE29224E77003A4174 /* Assets.xcassets */,
				2888DCB029224E77003A4174 /* Preview Content */,
			);
			path = Landmarks;
			sourceTree = "<group>";
		};
		2888DCB029224E77003A4174 /* Preview Content */ = {
			isa = PBXGroup;
			children = (
				2888DCB129224E77003A4174 /* Preview Assets.xcassets */,
			);
			path = "Preview Content";
			sourceTree = "<group>";
		};
		2888DCC129227653003A4174 /* Components */ = {
			isa = PBXGroup;
			children = (
				2888DCB829226BBA003A4174 /* NetworkImageView.swift */,
				2888DCBA29226F5F003A4174 /* RecipeCardView.swift */,
				2888DCCB29237E5B003A4174 /* LikeImageView.swift */,
				2888DCE62923BC4D003A4174 /* CachedAsyncImage.swift */,
			);
			path = Components;
			sourceTree = "<group>";
		};
		2888DCC2292276AC003A4174 /* Domain */ = {
			isa = PBXGroup;
			children = (
				2888DCE22923BA3E003A4174 /* Interactor */,
				2888DCCD2923A167003A4174 /* Service */,
				2888DCC3292276BA003A4174 /* Model */,
			);
			path = Domain;
			sourceTree = "<group>";
		};
		2888DCC3292276BA003A4174 /* Model */ = {
			isa = PBXGroup;
			children = (
				2888DCCE2923A17C003A4174 /* Recipe */,
			);
			path = Model;
			sourceTree = "<group>";
		};
		2888DCC429235A64003A4174 /* Scene */ = {
			isa = PBXGroup;
			children = (
				2888DCC629235A90003A4174 /* Details */,
				2888DCC529235A77003A4174 /* Search */,
			);
			path = Scene;
			sourceTree = "<group>";
		};
		2888DCC529235A77003A4174 /* Search */ = {
			isa = PBXGroup;
			children = (
				2888DCAC29224E76003A4174 /* RecipeSearchView.swift */,
				2888DCC9292367AA003A4174 /* SearchViewModel.swift */,
			);
			path = Search;
			sourceTree = "<group>";
		};
		2888DCC629235A90003A4174 /* Details */ = {
			isa = PBXGroup;
			children = (
				2888DCC729235EE2003A4174 /* RecipeDetailsView.swift */,
			);
			path = Details;
			sourceTree = "<group>";
		};
		2888DCCD2923A167003A4174 /* Service */ = {
			isa = PBXGroup;
			children = (
				2888DCCF2923A188003A4174 /* Recipe */,
			);
			path = Service;
			sourceTree = "<group>";
		};
		2888DCCE2923A17C003A4174 /* Recipe */ = {
			isa = PBXGroup;
			children = (
				2888DCBF29227088003A4174 /* RecipeModel.swift */,
			);
			path = Recipe;
			sourceTree = "<group>";
		};
		2888DCCF2923A188003A4174 /* Recipe */ = {
			isa = PBXGroup;
			children = (
				2888DCD02923A199003A4174 /* RecipeService.swift */,
			);
			path = Recipe;
			sourceTree = "<group>";
		};
		2888DCD22923A1DD003A4174 /* Data */ = {
			isa = PBXGroup;
			children = (
				2888DCDE2923B9E9003A4174 /* Interactor */,
				2888DCD42923A1ED003A4174 /* Dto */,
				2888DCD32923A1E6003A4174 /* Service */,
			);
			path = Data;
			sourceTree = "<group>";
		};
		2888DCD32923A1E6003A4174 /* Service */ = {
			isa = PBXGroup;
			children = (
				2888DCD52923A1F8003A4174 /* Recipe */,
			);
			path = Service;
			sourceTree = "<group>";
		};
		2888DCD42923A1ED003A4174 /* Dto */ = {
			isa = PBXGroup;
			children = (
				2888DCD82923A3FC003A4174 /* Recipe */,
			);
			path = Dto;
			sourceTree = "<group>";
		};
		2888DCD52923A1F8003A4174 /* Recipe */ = {
			isa = PBXGroup;
			children = (
				2888DCD62923A222003A4174 /* HttpRecipeService.swift */,
			);
			path = Recipe;
			sourceTree = "<group>";
		};
		2888DCD82923A3FC003A4174 /* Recipe */ = {
			isa = PBXGroup;
			children = (
				2888DCD92923A40D003A4174 /* RecipeDto.swift */,
			);
			path = Recipe;
			sourceTree = "<group>";
		};
		2888DCDB2923A76D003A4174 /* Extensions */ = {
			isa = PBXGroup;
			children = (
				2888DCDC2923A78A003A4174 /* DtoToModel+.swift */,
			);
			path = Extensions;
			sourceTree = "<group>";
		};
		2888DCDE2923B9E9003A4174 /* Interactor */ = {
			isa = PBXGroup;
			children = (
				2888DCDF2923B9F3003A4174 /* Recipe */,
			);
			path = Interactor;
			sourceTree = "<group>";
		};
		2888DCDF2923B9F3003A4174 /* Recipe */ = {
			isa = PBXGroup;
			children = (
				2888DCE02923BA20003A4174 /* RecipeInteractor.swift */,
			);
			path = Recipe;
			sourceTree = "<group>";
		};
		2888DCE22923BA3E003A4174 /* Interactor */ = {
			isa = PBXGroup;
			children = (
				2888DCE32923BA44003A4174 /* Recipe */,
			);
			path = Interactor;
			sourceTree = "<group>";
		};
		2888DCE32923BA44003A4174 /* Recipe */ = {
			isa = PBXGroup;
			children = (
				2888DCE42923BA60003A4174 /* DefaultRecipeInteractor.swift */,
			);
			path = Recipe;
			sourceTree = "<group>";
		};
/* End PBXGroup section */

/* Begin PBXNativeTarget section */
		2888DCA629224E76003A4174 /* Landmarks */ = {
			isa = PBXNativeTarget;
			buildConfigurationList = 2888DCB529224E77003A4174 /* Build configuration list for PBXNativeTarget "Landmarks" */;
			buildPhases = (
				2888DCA329224E76003A4174 /* Sources */,
				2888DCA429224E76003A4174 /* Frameworks */,
				2888DCA529224E76003A4174 /* Resources */,
			);
			buildRules = (
			);
			dependencies = (
			);
			name = Landmarks;
			productName = Landmarks;
			productReference = 2888DCA729224E76003A4174 /* Landmarks.app */;
			productType = "com.apple.product-type.application";
		};
/* End PBXNativeTarget section */

/* Begin PBXProject section */
		2888DC9F29224E76003A4174 /* Project object */ = {
			isa = PBXProject;
			attributes = {
				BuildIndependentTargetsInParallel = 1;
				LastSwiftUpdateCheck = 1410;
				LastUpgradeCheck = 1410;
				TargetAttributes = {
					2888DCA629224E76003A4174 = {
						CreatedOnToolsVersion = 14.1;
					};
				};
			};
			buildConfigurationList = 2888DCA229224E76003A4174 /* Build configuration list for PBXProject "Landmarks" */;
			compatibilityVersion = "Xcode 14.0";
			developmentRegion = en;
			hasScannedForEncodings = 0;
			knownRegions = (
				en,
				Base,
			);
			mainGroup = 2888DC9E29224E76003A4174;
			productRefGroup = 2888DCA829224E76003A4174 /* Products */;
			projectDirPath = "";
			projectRoot = "";
			targets = (
				2888DCA629224E76003A4174 /* Landmarks */,
			);
		};
/* End PBXProject section */

/* Begin PBXResourcesBuildPhase section */
		2888DCA529224E76003A4174 /* Resources */ = {
			isa = PBXResourcesBuildPhase;
			buildActionMask = 2147483647;
			files = (
				2888DCB229224E77003A4174 /* Preview Assets.xcassets in Resources */,
				2888DCAF29224E77003A4174 /* Assets.xcassets in Resources */,
			);
			runOnlyForDeploymentPostprocessing = 0;
		};
/* End PBXResourcesBuildPhase section */

/* Begin PBXSourcesBuildPhase section */
		2888DCA329224E76003A4174 /* Sources */ = {
			isa = PBXSourcesBuildPhase;
			buildActionMask = 2147483647;
			files = (
				2888DCBB29226F5F003A4174 /* RecipeCardView.swift in Sources */,
				2888DCCC29237E5B003A4174 /* LikeImageView.swift in Sources */,
				2888DCE52923BA60003A4174 /* DefaultRecipeInteractor.swift in Sources */,
				2888DCDD2923A78A003A4174 /* DtoToModel+.swift in Sources */,
				2888DCDA2923A40D003A4174 /* RecipeDto.swift in Sources */,
				2888DCCA292367AA003A4174 /* SearchViewModel.swift in Sources */,
				2888DCD72923A222003A4174 /* HttpRecipeService.swift in Sources */,
				2888DCC829235EE2003A4174 /* RecipeDetailsView.swift in Sources */,
				2888DCE12923BA20003A4174 /* RecipeInteractor.swift in Sources */,
				2888DCD12923A199003A4174 /* RecipeService.swift in Sources */,
				2888DCAD29224E76003A4174 /* RecipeSearchView.swift in Sources */,
				2888DCC029227088003A4174 /* RecipeModel.swift in Sources */,
				2888DCB929226BBB003A4174 /* NetworkImageView.swift in Sources */,
				2888DCE72923BC4D003A4174 /* CachedAsyncImage.swift in Sources */,
				2888DCAB29224E76003A4174 /* LandmarksApp.swift in Sources */,
			);
			runOnlyForDeploymentPostprocessing = 0;
		};
/* End PBXSourcesBuildPhase section */

/* Begin XCBuildConfiguration section */
		2888DCB329224E77003A4174 /* Debug */ = {
			isa = XCBuildConfiguration;
			buildSettings = {
				ALWAYS_SEARCH_USER_PATHS = NO;
				CLANG_ANALYZER_NONNULL = YES;
				CLANG_ANALYZER_NUMBER_OBJECT_CONVERSION = YES_AGGRESSIVE;
				CLANG_CXX_LANGUAGE_STANDARD = "gnu++20";
				CLANG_ENABLE_MODULES = YES;
				CLANG_ENABLE_OBJC_ARC = YES;
				CLANG_ENABLE_OBJC_WEAK = YES;
				CLANG_WARN_BLOCK_CAPTURE_AUTORELEASING = YES;
				CLANG_WARN_BOOL_CONVERSION = YES;
				CLANG_WARN_COMMA = YES;
				CLANG_WARN_CONSTANT_CONVERSION = YES;
				CLANG_WARN_DEPRECATED_OBJC_IMPLEMENTATIONS = YES;
				CLANG_WARN_DIRECT_OBJC_ISA_USAGE = YES_ERROR;
				CLANG_WARN_DOCUMENTATION_COMMENTS = YES;
				CLANG_WARN_EMPTY_BODY = YES;
				CLANG_WARN_ENUM_CONVERSION = YES;
				CLANG_WARN_INFINITE_RECURSION = YES;
				CLANG_WARN_INT_CONVERSION = YES;
				CLANG_WARN_NON_LITERAL_NULL_CONVERSION = YES;
				CLANG_WARN_OBJC_IMPLICIT_RETAIN_SELF = YES;
				CLANG_WARN_OBJC_LITERAL_CONVERSION = YES;
				CLANG_WARN_OBJC_ROOT_CLASS = YES_ERROR;
				CLANG_WARN_QUOTED_INCLUDE_IN_FRAMEWORK_HEADER = YES;
				CLANG_WARN_RANGE_LOOP_ANALYSIS = YES;
				CLANG_WARN_STRICT_PROTOTYPES = YES;
				CLANG_WARN_SUSPICIOUS_MOVE = YES;
				CLANG_WARN_UNGUARDED_AVAILABILITY = YES_AGGRESSIVE;
				CLANG_WARN_UNREACHABLE_CODE = YES;
				CLANG_WARN__DUPLICATE_METHOD_MATCH = YES;
				COPY_PHASE_STRIP = NO;
				DEBUG_INFORMATION_FORMAT = dwarf;
				ENABLE_STRICT_OBJC_MSGSEND = YES;
				ENABLE_TESTABILITY = YES;
				GCC_C_LANGUAGE_STANDARD = gnu11;
				GCC_DYNAMIC_NO_PIC = NO;
				GCC_NO_COMMON_BLOCKS = YES;
				GCC_OPTIMIZATION_LEVEL = 0;
				GCC_PREPROCESSOR_DEFINITIONS = (
					"DEBUG=1",
					"$(inherited)",
				);
				GCC_WARN_64_TO_32_BIT_CONVERSION = YES;
				GCC_WARN_ABOUT_RETURN_TYPE = YES_ERROR;
				GCC_WARN_UNDECLARED_SELECTOR = YES;
				GCC_WARN_UNINITIALIZED_AUTOS = YES_AGGRESSIVE;
				GCC_WARN_UNUSED_FUNCTION = YES;
				GCC_WARN_UNUSED_VARIABLE = YES;
				IPHONEOS_DEPLOYMENT_TARGET = 16.1;
				MTL_ENABLE_DEBUG_INFO = INCLUDE_SOURCE;
				MTL_FAST_MATH = YES;
				ONLY_ACTIVE_ARCH = YES;
				SDKROOT = iphoneos;
				SWIFT_ACTIVE_COMPILATION_CONDITIONS = DEBUG;
				SWIFT_OPTIMIZATION_LEVEL = "-Onone";
			};
			name = Debug;
		};
		2888DCB429224E77003A4174 /* Release */ = {
			isa = XCBuildConfiguration;
			buildSettings = {
				ALWAYS_SEARCH_USER_PATHS = NO;
				CLANG_ANALYZER_NONNULL = YES;
				CLANG_ANALYZER_NUMBER_OBJECT_CONVERSION = YES_AGGRESSIVE;
				CLANG_CXX_LANGUAGE_STANDARD = "gnu++20";
				CLANG_ENABLE_MODULES = YES;
				CLANG_ENABLE_OBJC_ARC = YES;
				CLANG_ENABLE_OBJC_WEAK = YES;
				CLANG_WARN_BLOCK_CAPTURE_AUTORELEASING = YES;
				CLANG_WARN_BOOL_CONVERSION = YES;
				CLANG_WARN_COMMA = YES;
				CLANG_WARN_CONSTANT_CONVERSION = YES;
				CLANG_WARN_DEPRECATED_OBJC_IMPLEMENTATIONS = YES;
				CLANG_WARN_DIRECT_OBJC_ISA_USAGE = YES_ERROR;
				CLANG_WARN_DOCUMENTATION_COMMENTS = YES;
				CLANG_WARN_EMPTY_BODY = YES;
				CLANG_WARN_ENUM_CONVERSION = YES;
				CLANG_WARN_INFINITE_RECURSION = YES;
				CLANG_WARN_INT_CONVERSION = YES;
				CLANG_WARN_NON_LITERAL_NULL_CONVERSION = YES;
				CLANG_WARN_OBJC_IMPLICIT_RETAIN_SELF = YES;
				CLANG_WARN_OBJC_LITERAL_CONVERSION = YES;
				CLANG_WARN_OBJC_ROOT_CLASS = YES_ERROR;
				CLANG_WARN_QUOTED_INCLUDE_IN_FRAMEWORK_HEADER = YES;
				CLANG_WARN_RANGE_LOOP_ANALYSIS = YES;
				CLANG_WARN_STRICT_PROTOTYPES = YES;
				CLANG_WARN_SUSPICIOUS_MOVE = YES;
				CLANG_WARN_UNGUARDED_AVAILABILITY = YES_AGGRESSIVE;
				CLANG_WARN_UNREACHABLE_CODE = YES;
				CLANG_WARN__DUPLICATE_METHOD_MATCH = YES;
				COPY_PHASE_STRIP = NO;
				DEBUG_INFORMATION_FORMAT = "dwarf-with-dsym";
				ENABLE_NS_ASSERTIONS = NO;
				ENABLE_STRICT_OBJC_MSGSEND = YES;
				GCC_C_LANGUAGE_STANDARD = gnu11;
				GCC_NO_COMMON_BLOCKS = YES;
				GCC_WARN_64_TO_32_BIT_CONVERSION = YES;
				GCC_WARN_ABOUT_RETURN_TYPE = YES_ERROR;
				GCC_WARN_UNDECLARED_SELECTOR = YES;
				GCC_WARN_UNINITIALIZED_AUTOS = YES_AGGRESSIVE;
				GCC_WARN_UNUSED_FUNCTION = YES;
				GCC_WARN_UNUSED_VARIABLE = YES;
				IPHONEOS_DEPLOYMENT_TARGET = 16.1;
				MTL_ENABLE_DEBUG_INFO = NO;
				MTL_FAST_MATH = YES;
				SDKROOT = iphoneos;
				SWIFT_COMPILATION_MODE = wholemodule;
				SWIFT_OPTIMIZATION_LEVEL = "-O";
				VALIDATE_PRODUCT = YES;
			};
			name = Release;
		};
		2888DCB629224E77003A4174 /* Debug */ = {
			isa = XCBuildConfiguration;
			buildSettings = {
				ASSETCATALOG_COMPILER_APPICON_NAME = AppIcon;
				ASSETCATALOG_COMPILER_GLOBAL_ACCENT_COLOR_NAME = AccentColor;
				CODE_SIGN_STYLE = Automatic;
				CURRENT_PROJECT_VERSION = 1;
				DEVELOPMENT_ASSET_PATHS = "\"Landmarks/Preview Content\"";
				DEVELOPMENT_TEAM = 485SA3SU23;
				ENABLE_PREVIEWS = YES;
				GENERATE_INFOPLIST_FILE = YES;
				INFOPLIST_KEY_UIApplicationSceneManifest_Generation = YES;
				INFOPLIST_KEY_UIApplicationSupportsIndirectInputEvents = YES;
				INFOPLIST_KEY_UILaunchScreen_Generation = YES;
				INFOPLIST_KEY_UISupportedInterfaceOrientations_iPad = "UIInterfaceOrientationPortrait UIInterfaceOrientationPortraitUpsideDown UIInterfaceOrientationLandscapeLeft UIInterfaceOrientationLandscapeRight";
				INFOPLIST_KEY_UISupportedInterfaceOrientations_iPhone = "UIInterfaceOrientationPortrait UIInterfaceOrientationLandscapeLeft UIInterfaceOrientationLandscapeRight";
				LD_RUNPATH_SEARCH_PATHS = (
					"$(inherited)",
					"@executable_path/Frameworks",
				);
				MARKETING_VERSION = 1.0;
				PRODUCT_BUNDLE_IDENTIFIER = "com.dsr-corporation.landmarks.Landmarks";
				PRODUCT_NAME = "$(TARGET_NAME)";
				SWIFT_EMIT_LOC_STRINGS = YES;
				SWIFT_VERSION = 5.0;
				TARGETED_DEVICE_FAMILY = "1,2";
			};
			name = Debug;
		};
		2888DCB729224E77003A4174 /* Release */ = {
			isa = XCBuildConfiguration;
			buildSettings = {
				ASSETCATALOG_COMPILER_APPICON_NAME = AppIcon;
				ASSETCATALOG_COMPILER_GLOBAL_ACCENT_COLOR_NAME = AccentColor;
				CODE_SIGN_STYLE = Automatic;
				CURRENT_PROJECT_VERSION = 1;
				DEVELOPMENT_ASSET_PATHS = "\"Landmarks/Preview Content\"";
				DEVELOPMENT_TEAM = 485SA3SU23;
				ENABLE_PREVIEWS = YES;
				GENERATE_INFOPLIST_FILE = YES;
				INFOPLIST_KEY_UIApplicationSceneManifest_Generation = YES;
				INFOPLIST_KEY_UIApplicationSupportsIndirectInputEvents = YES;
				INFOPLIST_KEY_UILaunchScreen_Generation = YES;
				INFOPLIST_KEY_UISupportedInterfaceOrientations_iPad = "UIInterfaceOrientationPortrait UIInterfaceOrientationPortraitUpsideDown UIInterfaceOrientationLandscapeLeft UIInterfaceOrientationLandscapeRight";
				INFOPLIST_KEY_UISupportedInterfaceOrientations_iPhone = "UIInterfaceOrientationPortrait UIInterfaceOrientationLandscapeLeft UIInterfaceOrientationLandscapeRight";
				LD_RUNPATH_SEARCH_PATHS = (
					"$(inherited)",
					"@executable_path/Frameworks",
				);
				MARKETING_VERSION = 1.0;
				PRODUCT_BUNDLE_IDENTIFIER = "com.dsr-corporation.landmarks.Landmarks";
				PRODUCT_NAME = "$(TARGET_NAME)";
				SWIFT_EMIT_LOC_STRINGS = YES;
				SWIFT_VERSION = 5.0;
				TARGETED_DEVICE_FAMILY = "1,2";
			};
			name = Release;
		};
/* End XCBuildConfiguration section */

/* Begin XCConfigurationList section */
		2888DCA229224E76003A4174 /* Build configuration list for PBXProject "Landmarks" */ = {
			isa = XCConfigurationList;
			buildConfigurations = (
				2888DCB329224E77003A4174 /* Debug */,
				2888DCB429224E77003A4174 /* Release */,
			);
			defaultConfigurationIsVisible = 0;
			defaultConfigurationName = Release;
		};
		2888DCB529224E77003A4174 /* Build configuration list for PBXNativeTarget "Landmarks" */ = {
			isa = XCConfigurationList;
			buildConfigurations = (
				2888DCB629224E77003A4174 /* Debug */,
				2888DCB729224E77003A4174 /* Release */,
			);
			defaultConfigurationIsVisible = 0;
			defaultConfigurationName = Release;
		};
/* End XCConfigurationList section */
	};
	rootObject = 2888DC9F29224E76003A4174 /* Project object */;
}
